
Microsoft Visual Studio Solution File, Format Version 12.00
# Visual Studio Version 16
VisualStudioVersion = 16.0.32106.194
MinimumVisualStudioVersion = 10.0.40219.1
Project("{9A19103F-16F7-4668-BE54-9A1E7A4F7556}") = "DisplayTemp", "DisplayTemp\DisplayTemp.csproj", "{B18B8262-F005-4AAF-B2D7-5E27AA1F8E66}"
EndProject
Project("{FAE04EC0-301F-11D3-BF4B-00C04F79EFBC}") = "RecieveTempData", "RecieveTempData\RecieveTempData.csproj", "{02CCD7B1-3E9F-4D39-98F2-08476830AC10}"
EndProject
Project("{FAE04EC0-301F-11D3-BF4B-00C04F79EFBC}") = "MqqtProtocol", "MqqtProtocol\MqqtProtocol.csproj", "{623858F8-6112-4346-B818-2D20A4DC9068}"
EndProject
Global
	GlobalSection(SolutionConfigurationPlatforms) = preSolution
		Debug|Any CPU = Debug|Any CPU
		Release|Any CPU = Release|Any CPU
	EndGlobalSection
	GlobalSection(ProjectConfigurationPlatforms) = postSolution
		{B18B8262-F005-4AAF-B2D7-5E27AA1F8E66}.Debug|Any CPU.ActiveCfg = Debug|Any CPU
		{B18B8262-F005-4AAF-B2D7-5E27AA1F8E66}.Debug|Any CPU.Build.0 = Debug|Any CPU
		{B18B8262-F005-4AAF-B2D7-5E27AA1F8E66}.Release|Any CPU.ActiveCfg = Release|Any CPU
		{B18B8262-F005-4AAF-B2D7-5E27AA1F8E66}.Release|Any CPU.Build.0 = Release|Any CPU
		{02CCD7B1-3E9F-4D39-98F2-08476830AC10}.Debug|Any CPU.ActiveCfg = Debug|Any CPU
		{02CCD7B1-3E9F-4D39-98F2-08476830AC10}.Debug|Any CPU.Build.0 = Debug|Any CPU
		{02CCD7B1-3E9F-4D39-98F2-08476830AC10}.Release|Any CPU.ActiveCfg = Release|Any CPU
		{02CCD7B1-3E9F-4D39-98F2-08476830AC10}.Release|Any CPU.Build.0 = Release|Any CPU
		{623858F8-6112-4346-B818-2D20A4DC9068}.Debug|Any CPU.ActiveCfg = Debug|Any CPU
		{623858F8-6112-4346-B818-2D20A4DC9068}.Debug|Any CPU.Build.0 = Debug|Any CPU
		{623858F8-6112-4346-B818-2D20A4DC9068}.Release|Any CPU.ActiveCfg = Release|Any CPU
		{623858F8-6112-4346-B818-2D20A4DC9068}.Release|Any CPU.Build.0 = Release|Any CPU
	EndGlobalSection
	GlobalSection(SolutionProperties) = preSolution
		HideSolutionNode = FALSE
	EndGlobalSection
	GlobalSection(ExtensibilityGlobals) = postSolution
		SolutionGuid = {EC32C0BA-AD2E-44E1-92E3-68B87D1EF962}
	EndGlobalSection
EndGlobal
